# THIS IS AN AUTOGENERATED FILE. DO NOT EDIT THIS FILE DIRECTLY.
# yarn lockfile v1


"@types/node@^16.11.11":
  version "16.11.11"
  resolved "https://registry.yarnpkg.com/@types/node/-/node-16.11.11.tgz#6ea7342dfb379ea1210835bada87b3c512120234"
  integrity sha512-KB0sixD67CeecHC33MYn+eYARkqTheIRNuu97y2XMjR7Wu3XibO1vaY6VBV6O/a89SPI81cEUIYT87UqUWlZNw==

data-uri-to-buffer@^4.0.0:
  version "4.0.0"
  resolved "https://registry.yarnpkg.com/data-uri-to-buffer/-/data-uri-to-buffer-4.0.0.tgz#b5db46aea50f6176428ac05b73be39a57701a64b"
  integrity sha512-Vr3mLBA8qWmcuschSLAOogKgQ/Jwxulv3RNE4FXnYWRGujzrRWQI4m12fQqRkwX06C0KanhLr4hK+GydchZsaA==

esbuild-android-arm64@0.14.1:
  version "0.14.1"
  resolved "https://registry.yarnpkg.com/esbuild-android-arm64/-/esbuild-android-arm64-0.14.1.tgz#470b99c1c4b49f33fd0a20ed153b15008173fd63"
  integrity sha512-elQd3hTg93nU2GQ5PPCDAFe5+utxZX96RG8RixqIPxf8pzmyIzcpKG76L/9FabPf3LT1z+nLF1sajCU8eVRDyg==

esbuild-darwin-64@0.14.1:
  version "0.14.1"
  resolved "https://registry.yarnpkg.com/esbuild-darwin-64/-/esbuild-darwin-64-0.14.1.tgz#135f48f299f2ce3eb3ca1b1f3ec03d81108ab79e"
  integrity sha512-PR3HZgbPRwsQbbOR1fJrfkt/Cs0JDyI3yzOKg2PPWk0H1AseZDBqPUY9b/0+BIjFwA5Jz/aAiq832hppsuJtNw==

esbuild-darwin-arm64@0.14.1:
  version "0.14.1"
  resolved "https://registry.yarnpkg.com/esbuild-darwin-arm64/-/esbuild-darwin-arm64-0.14.1.tgz#7117a857bac99ece28ebba859a47dce47f565f9f"
  integrity sha512-/fiSSOkOEa3co6yYtwgXouz8jZrG0qnXPEKiktFf2BQE8NON3ARTw43ZegaH+xMRFNgYBJEOOZIdzI3sIFEAxw==

esbuild-freebsd-64@0.14.1:
  version "0.14.1"
  resolved "https://registry.yarnpkg.com/esbuild-freebsd-64/-/esbuild-freebsd-64-0.14.1.tgz#2b7ca5ec572f2800b1ec88988affc4482c5ac4b7"
  integrity sha512-ZJV+nfa8E8PdXnRc05PO3YMfgSj7Ko+kdHyGDE6OaNo1cO8ZyfacqLaWkY35shDDaeacklhD8ZR4qq5nbJKX1A==

esbuild-freebsd-arm64@0.14.1:
  version "0.14.1"
  resolved "https://registry.yarnpkg.com/esbuild-freebsd-arm64/-/esbuild-freebsd-arm64-0.14.1.tgz#63e8b77643ea8270d878cfab7dd9201a114f20fb"
  integrity sha512-6N9zTD+SecJr2g9Ohl9C10WIk5FpQ+52bNamRy0sJoHwP31G5ObzKzq8jAtg1Jeggpu6P8auz3P/UL+3YioSwQ==

esbuild-linux-32@0.14.1:
  version "0.14.1"
  resolved "https://registry.yarnpkg.com/esbuild-linux-32/-/esbuild-linux-32-0.14.1.tgz#f00ae7f12d2abc0dc37e2a7e7c7c29764da87093"
  integrity sha512-RtPgE6e7WefbAxRjVryisKFJ0nUwR2DMjwmYW/a1a0F1+Ge6FR+RqvgiY0DrM9TtxSUU0eryDXNF4n3UfxX3mg==

esbuild-linux-64@0.14.1:
  version "0.14.1"
  resolved "https://registry.yarnpkg.com/esbuild-linux-64/-/esbuild-linux-64-0.14.1.tgz#2ee9dd76be1185abb1e967052e3b6ab16a1d3da4"
  integrity sha512-JpxM0ar6Z+2v3vfFrxP7bFb8Wzb6gcGL9MxRqAJplDfGnee8HbfPge6svaazXeX9XJceeEqwxwWGB0qyCcxo7A==

esbuild-linux-arm64@0.14.1:
  version "0.14.1"
  resolved "https://registry.yarnpkg.com/esbuild-linux-arm64/-/esbuild-linux-arm64-0.14.1.tgz#601e855b78e0636e120771296b43eb4f7d68a314"
  integrity sha512-cFbeZf171bIf+PPLlQDBzagK85lCCxxVdMV1IVUA96Y3kvEgqcy2n9mha+QE1M/T+lIOPDsmLRgH1XqMFwLTSg==

esbuild-linux-arm@0.14.1:
  version "0.14.1"
  resolved "https://registry.yarnpkg.com/esbuild-linux-arm/-/esbuild-linux-arm-0.14.1.tgz#c0d364a20f12a653bdd2f41436788b99502dc287"
  integrity sha512-eBRHexCijAYWzcvQLGHxyxIlYOkYhXvcb/O7HvzJfCAVWCnTx9TxxYJ3UppBC6dDFbAq4HwKhskvmesQdKMeBg==

esbuild-linux-mips64le@0.14.1:
  version "0.14.1"
  resolved "https://registry.yarnpkg.com/esbuild-linux-mips64le/-/esbuild-linux-mips64le-0.14.1.tgz#a5f6e9c6e7950a3fad08bb3653bc3f5d71b4e249"
  integrity sha512-UGb+sqHkL7wOQFLH0RoFhcRAlJNqbqs6GtJd1It5jJ2juOGqAkCv8V12aGDX9oRB6a+Om7cdHcH+6AMZ+qlaww==

esbuild-linux-ppc64le@0.14.1:
  version "0.14.1"
  resolved "https://registry.yarnpkg.com/esbuild-linux-ppc64le/-/esbuild-linux-ppc64le-0.14.1.tgz#762cec24cf5afeee3f805a4679a3f5e29702173a"
  integrity sha512-LIHGkGdy9wYlmkkoVHm6feWhkoi4VBXDiEVyNjXEhlzsBcP/CaRy+B8IJulzaU1ALLiGcsCQ2MC5UbFn/iTvmA==

esbuild-netbsd-64@0.14.1:
  version "0.14.1"
  resolved "https://registry.yarnpkg.com/esbuild-netbsd-64/-/esbuild-netbsd-64-0.14.1.tgz#66ec7ac0b3eeb84f8c1ac27eecf16f59d93706a8"
  integrity sha512-TWc1QIgtPwaK5nC1GT2ASTuy/CJhNKHN4h5PJRP1186VfI+k2uvXakS7bqO/M26F6jAMy8jDeCtilacqpwsvfA==

esbuild-openbsd-64@0.14.1:
  version "0.14.1"
  resolved "https://registry.yarnpkg.com/esbuild-openbsd-64/-/esbuild-openbsd-64-0.14.1.tgz#7515049bc7032ca2fb6811dc260f5ec9e1d9fe65"
  integrity sha512-Z9/Zb77K+pK9s7mAsvwS56K8tCbLvNZ9UI4QVJSYqDgOmmDJOBT4owWnCqZ5cJI+2y4/F9KwCpFFTNUdPglPKA==

esbuild-sunos-64@0.14.1:
  version "0.14.1"
  resolved "https://registry.yarnpkg.com/esbuild-sunos-64/-/esbuild-sunos-64-0.14.1.tgz#795f6bc7ce8c5177afb65f8d6c161a02f0c3e125"
  integrity sha512-c4sF8146kNW8529wfkB6vO0ZqPgokyS2hORqKa4p/QKZdp+xrF2NPmvX5aN+Zt14oe6wVZuhYo6LGv7V4Gg04g==

esbuild-windows-32@0.14.1:
  version "0.14.1"
  resolved "https://registry.yarnpkg.com/esbuild-windows-32/-/esbuild-windows-32-0.14.1.tgz#ffffa6378733eeaa23ed5cfe539e2fbe1e635ef6"
  integrity sha512-XP8yElaJtLGGjH7D72t5IWtP0jmc1Jqm4IjQARB17l0LTJO/n+N2X64rDWePJv6qimYxa5p2vTjkZc5v+YZTSQ==

esbuild-windows-64@0.14.1:
  version "0.14.1"
  resolved "https://registry.yarnpkg.com/esbuild-windows-64/-/esbuild-windows-64-0.14.1.tgz#46f3b4a90f937a8ad6456cd70478ebfc6771814f"
  integrity sha512-fe+ShdyfiuGcCEdVKW//6MaM4MwikiWBWSBn8mebNAbjRqicH0injDOFVI7aUovAfrEt7+FGkf402s//hi0BVg==

esbuild-windows-arm64@0.14.1:
  version "0.14.1"
  resolved "https://registry.yarnpkg.com/esbuild-windows-arm64/-/esbuild-windows-arm64-0.14.1.tgz#c7067389d28139e6a18db1996178c3a3e07a22b3"
  integrity sha512-wBVakhcIzQ3NZ33DFM6TjIObXPHaXOsqzvPwefXHvwBSC/N/e/g6fBeM7N/Moj3AmxLjKaB+vePvTGdxk6RPCg==

esbuild@^0.14.0:
  version "0.14.1"
  resolved "https://registry.yarnpkg.com/esbuild/-/esbuild-0.14.1.tgz#b834da3aa5858073205a6d4f948ffde0d650e4e3"
  integrity sha512-J/LhUwELcmz0+CJfiaKzu7Rnj9ffWFLvMx+dKvdOfg+fQmoP6q9glla26LCm9BxpnPUjXChHeubLiMlKab/PYg==
  optionalDependencies:
    esbuild-android-arm64 "0.14.1"
    esbuild-darwin-64 "0.14.1"
    esbuild-darwin-arm64 "0.14.1"
    esbuild-freebsd-64 "0.14.1"
    esbuild-freebsd-arm64 "0.14.1"
    esbuild-linux-32 "0.14.1"
    esbuild-linux-64 "0.14.1"
    esbuild-linux-arm "0.14.1"
    esbuild-linux-arm64 "0.14.1"
    esbuild-linux-mips64le "0.14.1"
    esbuild-linux-ppc64le "0.14.1"
    esbuild-netbsd-64 "0.14.1"
    esbuild-openbsd-64 "0.14.1"
    esbuild-sunos-64 "0.14.1"
    esbuild-windows-32 "0.14.1"
    esbuild-windows-64 "0.14.1"
    esbuild-windows-arm64 "0.14.1"

fetch-blob@^3.1.2, fetch-blob@^3.1.3:
  version "3.1.5"
  resolved "https://registry.yarnpkg.com/fetch-blob/-/fetch-blob-3.1.5.tgz#0077bf5f3fcdbd9d75a0b5362f77dbb743489863"
  integrity sha512-N64ZpKqoLejlrwkIAnb9iLSA3Vx/kjgzpcDhygcqJ2KKjky8nCgUQ+dzXtbrLaWZGZNmNfQTsiQ0weZ1svglHg==
  dependencies:
    node-domexception "^1.0.0"
    web-streams-polyfill "^3.0.3"

formdata-polyfill@^4.0.10:
  version "4.0.10"
  resolved "https://registry.yarnpkg.com/formdata-polyfill/-/formdata-polyfill-4.0.10.tgz#24807c31c9d402e002ab3d8c720144ceb8848423"
  integrity sha512-buewHzMvYL29jdeQTVILecSaZKnt/RJWjoZCF5OW60Z67/GmSLBkOFM7qh1PI3zFNtJbaZL5eQu1vLfazOwj4g==
  dependencies:
    fetch-blob "^3.1.2"

node-domexception@^1.0.0:
  version "1.0.0"
  resolved "https://registry.yarnpkg.com/node-domexception/-/node-domexception-1.0.0.tgz#6888db46a1f71c0b76b3f7555016b63fe64766e5"
  integrity sha512-/jKZoMpw0F8GRwl4/eLROPA3cfcXtLApP0QzLmUT/HuPCZWyB7IY9ZrMeKw2O/nFIqPQB3PVM9aYm0F312AXDQ==

node-fetch@^3.1.1:
  version "3.1.1"
  resolved "https://registry.yarnpkg.com/node-fetch/-/node-fetch-3.1.1.tgz#d0d9607e455b3087e3092b821b5b1f1ebf4c2147"
  integrity sha512-SMk+vKgU77PYotRdWzqZGTZeuFKlsJ0hu4KPviQKkfY+N3vn2MIzr0rvpnYpR8MtB3IEuhlEcuOLbGvLRlA+yg==
  dependencies:
    data-uri-to-buffer "^4.0.0"
    fetch-blob "^3.1.3"
    formdata-polyfill "^4.0.10"

tsm@^2.2.1:
  version "2.2.1"
  resolved "https://registry.yarnpkg.com/tsm/-/tsm-2.2.1.tgz#3e78e86a03b2f569c20cff4a9f66c4ec8fce65fc"
  integrity sha512-qvJB0baPnxQJolZru11mRgGTdNlx17WqgJnle7eht3Vhb+VUR4/zFA5hFl6NqRe7m8BD9w/6yu0B2XciRrdoJA==
  dependencies:
    esbuild "^0.14.0"

typescript@^4.5.2:
  version "4.5.2"
  resolved "https://registry.yarnpkg.com/typescript/-/typescript-4.5.2.tgz#8ac1fba9f52256fdb06fb89e4122fa6a346c2998"
  integrity sha512-5BlMof9H1yGt0P8/WF+wPNw6GfctgGjXp5hkblpyT+8rkASSmkUKMXrxR0Xg8ThVCi/JnHQiKXeBaEwCeQwMFw==

web-streams-polyfill@^3.0.3:
  version "3.2.0"
  resolved "https://registry.yarnpkg.com/web-streams-polyfill/-/web-streams-polyfill-3.2.0.tgz#a6b74026b38e4885869fb5c589e90b95ccfc7965"
  integrity sha512-EqPmREeOzttaLRm5HS7io98goBgZ7IVz79aDvqjD0kYXLtFZTc0T/U6wHTPKyIjb+MdN7DFIIX6hgdBEpWmfPA==
